
Microsoft Visual Studio Solution File, Format Version 12.00
# Visual Studio Version 17
VisualStudioVersion = 17.8.34525.116
MinimumVisualStudioVersion = 10.0.40219.1
Project("{8BC9CEB8-8B4A-11D0-8D11-00A0C91BC942}") = "PRODUKCYJNY", "PRODUKCYJNY\PRODUKCYJNY.vcxproj", "{2730C98A-75E7-48D8-A73D-5663E0EDDC1C}"
EndProject
Project("{8BC9CEB8-8B4A-11D0-8D11-00A0C91BC942}") = "TESTOWY", "TESTOWY\TESTOWY.vcxproj", "{AD38A52A-6F19-4C4F-9A4B-E9A9871282C7}"
EndProject
Global
	GlobalSection(SolutionConfigurationPlatforms) = preSolution
		Debug|x64 = Debug|x64
		Debug|x86 = Debug|x86
		Release|x64 = Release|x64
		Release|x86 = Release|x86
	EndGlobalSection
	GlobalSection(ProjectConfigurationPlatforms) = postSolution
		{2730C98A-75E7-48D8-A73D-5663E0EDDC1C}.Debug|x64.ActiveCfg = Debug|x64
		{2730C98A-75E7-48D8-A73D-5663E0EDDC1C}.Debug|x64.Build.0 = Debug|x64
		{2730C98A-75E7-48D8-A73D-5663E0EDDC1C}.Debug|x86.ActiveCfg = Debug|Win32
		{2730C98A-75E7-48D8-A73D-5663E0EDDC1C}.Debug|x86.Build.0 = Debug|Win32
		{2730C98A-75E7-48D8-A73D-5663E0EDDC1C}.Release|x64.ActiveCfg = Release|x64
		{2730C98A-75E7-48D8-A73D-5663E0EDDC1C}.Release|x64.Build.0 = Release|x64
		{2730C98A-75E7-48D8-A73D-5663E0EDDC1C}.Release|x86.ActiveCfg = Release|Win32
		{2730C98A-75E7-48D8-A73D-5663E0EDDC1C}.Release|x86.Build.0 = Release|Win32
		{AD38A52A-6F19-4C4F-9A4B-E9A9871282C7}.Debug|x64.ActiveCfg = Debug|x64
		{AD38A52A-6F19-4C4F-9A4B-E9A9871282C7}.Debug|x64.Build.0 = Debug|x64
		{AD38A52A-6F19-4C4F-9A4B-E9A9871282C7}.Debug|x86.ActiveCfg = Debug|Win32
		{AD38A52A-6F19-4C4F-9A4B-E9A9871282C7}.Debug|x86.Build.0 = Debug|Win32
		{AD38A52A-6F19-4C4F-9A4B-E9A9871282C7}.Release|x64.ActiveCfg = Release|x64
		{AD38A52A-6F19-4C4F-9A4B-E9A9871282C7}.Release|x64.Build.0 = Release|x64
		{AD38A52A-6F19-4C4F-9A4B-E9A9871282C7}.Release|x86.ActiveCfg = Release|Win32
		{AD38A52A-6F19-4C4F-9A4B-E9A9871282C7}.Release|x86.Build.0 = Release|Win32
	EndGlobalSection
	GlobalSection(SolutionProperties) = preSolution
		HideSolutionNode = FALSE
	EndGlobalSection
	GlobalSection(ExtensibilityGlobals) = postSolution
		SolutionGuid = {81C63E12-75B9-4C0E-BC89-78941975C71A}
	EndGlobalSection
EndGlobal
